
Microsoft Visual Studio Solution File, Format Version 12.00
# Visual Studio Version 16
VisualStudioVersion = 16.0.31005.135
MinimumVisualStudioVersion = 10.0.40219.1
Project("{E24C65DC-7377-472B-9ABA-BC803B73C61A}") = "19390245_cse2icx_assignment2", ".", "{1F6749C4-8D06-4DE2-ADD0-CAF540496645}"
	ProjectSection(WebsiteProperties) = preProject
		TargetFrameworkMoniker = ".NETFramework,Version%3Dv4.0"
		Debug.AspNetCompiler.VirtualPath = "/localhost_65048"
		Debug.AspNetCompiler.PhysicalPath = "..\..\..\Desktop\19390245_cse2icx_assignment2\"
		Debug.AspNetCompiler.TargetPath = "PrecompiledWeb\localhost_65048\"
		Debug.AspNetCompiler.Updateable = "true"
		Debug.AspNetCompiler.ForceOverwrite = "true"
		Debug.AspNetCompiler.FixedNames = "false"
		Debug.AspNetCompiler.Debug = "True"
		Release.AspNetCompiler.VirtualPath = "/localhost_65048"
		Release.AspNetCompiler.PhysicalPath = "..\..\..\Desktop\19390245_cse2icx_assignment2\"
		Release.AspNetCompiler.TargetPath = "PrecompiledWeb\localhost_65048\"
		Release.AspNetCompiler.Updateable = "true"
		Release.AspNetCompiler.ForceOverwrite = "true"
		Release.AspNetCompiler.FixedNames = "false"
		Release.AspNetCompiler.Debug = "False"
		VWDPort = "65048"
	EndProjectSection
EndProject
Global
	GlobalSection(SolutionConfigurationPlatforms) = preSolution
		Debug|Any CPU = Debug|Any CPU
	EndGlobalSection
	GlobalSection(ProjectConfigurationPlatforms) = postSolution
		{1F6749C4-8D06-4DE2-ADD0-CAF540496645}.Debug|Any CPU.ActiveCfg = Debug|Any CPU
		{1F6749C4-8D06-4DE2-ADD0-CAF540496645}.Debug|Any CPU.Build.0 = Debug|Any CPU
	EndGlobalSection
	GlobalSection(SolutionProperties) = preSolution
		HideSolutionNode = FALSE
	EndGlobalSection
	GlobalSection(ExtensibilityGlobals) = postSolution
		SolutionGuid = {34DBF509-CB21-4856-97EA-01CE23408763}
	EndGlobalSection
EndGlobal
